
Microsoft Visual Studio Solution File, Format Version 12.00
# Visual Studio Version 17
VisualStudioVersion = 17.6.33712.159
MinimumVisualStudioVersion = 10.0.40219.1
Project("{FAE04EC0-301F-11D3-BF4B-00C04F79EFBC}") = "My_Dictionary", "My_Dictionary\My_Dictionary.csproj", "{DD29AC23-9EB7-45D1-9CCC-F6C096730482}"
EndProject
Global
	GlobalSection(SolutionConfigurationPlatforms) = preSolution
		Debug|Any CPU = Debug|Any CPU
		Release|Any CPU = Release|Any CPU
	EndGlobalSection
	GlobalSection(ProjectConfigurationPlatforms) = postSolution
		{DD29AC23-9EB7-45D1-9CCC-F6C096730482}.Debug|Any CPU.ActiveCfg = Debug|Any CPU
		{DD29AC23-9EB7-45D1-9CCC-F6C096730482}.Debug|Any CPU.Build.0 = Debug|Any CPU
		{DD29AC23-9EB7-45D1-9CCC-F6C096730482}.Release|Any CPU.ActiveCfg = Release|Any CPU
		{DD29AC23-9EB7-45D1-9CCC-F6C096730482}.Release|Any CPU.Build.0 = Release|Any CPU
	EndGlobalSection
	GlobalSection(SolutionProperties) = preSolution
		HideSolutionNode = FALSE
	EndGlobalSection
	GlobalSection(ExtensibilityGlobals) = postSolution
		SolutionGuid = {B82C9276-ADED-47B0-AB67-99D2C65334A3}
	EndGlobalSection
EndGlobal
